// !$*UTF8*$!
{
	archiveVersion = 1;
	classes = {
	};
	objectVersion = 56;
	objects = {

/* Begin PBXBuildFile section */
		8C04EF7F3571D2BB74F33903 /* Pods_autocrypt.framework in Frameworks */ = {isa = PBXBuildFile; fileRef = A10E42BD9995D5419A80CBB4 /* Pods_autocrypt.framework */; };
		BCC5BF49290153970029CE04 /* AppDelegate.swift in Sources */ = {isa = PBXBuildFile; fileRef = BCC5BF48290153970029CE04 /* AppDelegate.swift */; };
		BCC5BF4B290153970029CE04 /* SceneDelegate.swift in Sources */ = {isa = PBXBuildFile; fileRef = BCC5BF4A290153970029CE04 /* SceneDelegate.swift */; };
		BCC5BF4D290153970029CE04 /* CenterViewController.swift in Sources */ = {isa = PBXBuildFile; fileRef = BCC5BF4C290153970029CE04 /* CenterViewController.swift */; };
		BCC5BF52290153980029CE04 /* Assets.xcassets in Resources */ = {isa = PBXBuildFile; fileRef = BCC5BF51290153980029CE04 /* Assets.xcassets */; };
		BCC5BF55290153980029CE04 /* LaunchScreen.storyboard in Resources */ = {isa = PBXBuildFile; fileRef = BCC5BF53290153980029CE04 /* LaunchScreen.storyboard */; };
		BCC5BF62290156420029CE04 /* APIService.swift in Sources */ = {isa = PBXBuildFile; fileRef = BCC5BF61290156420029CE04 /* APIService.swift */; };
		BCC5BF64290157610029CE04 /* CenterListTableViewCell.swift in Sources */ = {isa = PBXBuildFile; fileRef = BCC5BF63290157610029CE04 /* CenterListTableViewCell.swift */; };
		BCC5BF662901578A0029CE04 /* CenterViewModel.swift in Sources */ = {isa = PBXBuildFile; fileRef = BCC5BF652901578A0029CE04 /* CenterViewModel.swift */; };
		BCC5BF6829015A9D0029CE04 /* DetailViewController.swift in Sources */ = {isa = PBXBuildFile; fileRef = BCC5BF6729015A9D0029CE04 /* DetailViewController.swift */; };
		BCC5BF6A29015ABB0029CE04 /* MapViewController.swift in Sources */ = {isa = PBXBuildFile; fileRef = BCC5BF6929015ABB0029CE04 /* MapViewController.swift */; };
		BCE14EEA29024AD4003237D9 /* CenterData.swift in Sources */ = {isa = PBXBuildFile; fileRef = BCE14EE929024AD4003237D9 /* CenterData.swift */; };
/* End PBXBuildFile section */

/* Begin PBXFileReference section */
		987AAE186F37C74DF682A6C8 /* Pods-autocrypt.release.xcconfig */ = {isa = PBXFileReference; includeInIndex = 1; lastKnownFileType = text.xcconfig; name = "Pods-autocrypt.release.xcconfig"; path = "Target Support Files/Pods-autocrypt/Pods-autocrypt.release.xcconfig"; sourceTree = "<group>"; };
		A05CDCE1EC55D9B06424B000 /* Pods-autocrypt.debug.xcconfig */ = {isa = PBXFileReference; includeInIndex = 1; lastKnownFileType = text.xcconfig; name = "Pods-autocrypt.debug.xcconfig"; path = "Target Support Files/Pods-autocrypt/Pods-autocrypt.debug.xcconfig"; sourceTree = "<group>"; };
		A10E42BD9995D5419A80CBB4 /* Pods_autocrypt.framework */ = {isa = PBXFileReference; explicitFileType = wrapper.framework; includeInIndex = 0; path = Pods_autocrypt.framework; sourceTree = BUILT_PRODUCTS_DIR; };
		BCC5BF45290153970029CE04 /* autocrypt.app */ = {isa = PBXFileReference; explicitFileType = wrapper.application; includeInIndex = 0; path = autocrypt.app; sourceTree = BUILT_PRODUCTS_DIR; };
		BCC5BF48290153970029CE04 /* AppDelegate.swift */ = {isa = PBXFileReference; lastKnownFileType = sourcecode.swift; path = AppDelegate.swift; sourceTree = "<group>"; };
		BCC5BF4A290153970029CE04 /* SceneDelegate.swift */ = {isa = PBXFileReference; lastKnownFileType = sourcecode.swift; path = SceneDelegate.swift; sourceTree = "<group>"; };
		BCC5BF4C290153970029CE04 /* CenterViewController.swift */ = {isa = PBXFileReference; lastKnownFileType = sourcecode.swift; path = CenterViewController.swift; sourceTree = "<group>"; };
		BCC5BF51290153980029CE04 /* Assets.xcassets */ = {isa = PBXFileReference; lastKnownFileType = folder.assetcatalog; path = Assets.xcassets; sourceTree = "<group>"; };
		BCC5BF54290153980029CE04 /* Base */ = {isa = PBXFileReference; lastKnownFileType = file.storyboard; name = Base; path = Base.lproj/LaunchScreen.storyboard; sourceTree = "<group>"; };
		BCC5BF56290153980029CE04 /* Info.plist */ = {isa = PBXFileReference; lastKnownFileType = text.plist.xml; path = Info.plist; sourceTree = "<group>"; };
		BCC5BF61290156420029CE04 /* APIService.swift */ = {isa = PBXFileReference; lastKnownFileType = sourcecode.swift; path = APIService.swift; sourceTree = "<group>"; };
		BCC5BF63290157610029CE04 /* CenterListTableViewCell.swift */ = {isa = PBXFileReference; lastKnownFileType = sourcecode.swift; path = CenterListTableViewCell.swift; sourceTree = "<group>"; };
		BCC5BF652901578A0029CE04 /* CenterViewModel.swift */ = {isa = PBXFileReference; lastKnownFileType = sourcecode.swift; path = CenterViewModel.swift; sourceTree = "<group>"; };
		BCC5BF6729015A9D0029CE04 /* DetailViewController.swift */ = {isa = PBXFileReference; lastKnownFileType = sourcecode.swift; path = DetailViewController.swift; sourceTree = "<group>"; };
		BCC5BF6929015ABB0029CE04 /* MapViewController.swift */ = {isa = PBXFileReference; lastKnownFileType = sourcecode.swift; path = MapViewController.swift; sourceTree = "<group>"; };
		BCE14EE929024AD4003237D9 /* CenterData.swift */ = {isa = PBXFileReference; lastKnownFileType = sourcecode.swift; path = CenterData.swift; sourceTree = "<group>"; };
/* End PBXFileReference section */

/* Begin PBXFrameworksBuildPhase section */
		BCC5BF42290153970029CE04 /* Frameworks */ = {
			isa = PBXFrameworksBuildPhase;
			buildActionMask = 2147483647;
			files = (
				8C04EF7F3571D2BB74F33903 /* Pods_autocrypt.framework in Frameworks */,
			);
			runOnlyForDeploymentPostprocessing = 0;
		};
/* End PBXFrameworksBuildPhase section */

/* Begin PBXGroup section */
		6802779A2E3FC40AC3ED3066 /* Pods */ = {
			isa = PBXGroup;
			children = (
				A05CDCE1EC55D9B06424B000 /* Pods-autocrypt.debug.xcconfig */,
				987AAE186F37C74DF682A6C8 /* Pods-autocrypt.release.xcconfig */,
			);
			path = Pods;
			sourceTree = "<group>";
		};
		9E9DBA1EA9D401896E329D60 /* Frameworks */ = {
			isa = PBXGroup;
			children = (
				A10E42BD9995D5419A80CBB4 /* Pods_autocrypt.framework */,
			);
			name = Frameworks;
			sourceTree = "<group>";
		};
		BCC5BF3C290153970029CE04 = {
			isa = PBXGroup;
			children = (
				BCC5BF47290153970029CE04 /* autocrypt */,
				BCC5BF46290153970029CE04 /* Products */,
				6802779A2E3FC40AC3ED3066 /* Pods */,
				9E9DBA1EA9D401896E329D60 /* Frameworks */,
			);
			sourceTree = "<group>";
		};
		BCC5BF46290153970029CE04 /* Products */ = {
			isa = PBXGroup;
			children = (
				BCC5BF45290153970029CE04 /* autocrypt.app */,
			);
			name = Products;
			sourceTree = "<group>";
		};
		BCC5BF47290153970029CE04 /* autocrypt */ = {
			isa = PBXGroup;
			children = (
				BCC5BF602901562E0029CE04 /* Repository */,
				BCC5BF5C290154620029CE04 /* App */,
				BCC5BF5D290154680029CE04 /* Model */,
				BCC5BF5E2901546C0029CE04 /* View */,
				BCC5BF5F290154710029CE04 /* ViewModel */,
			);
			path = autocrypt;
			sourceTree = "<group>";
		};
		BCC5BF5C290154620029CE04 /* App */ = {
			isa = PBXGroup;
			children = (
				BCC5BF4A290153970029CE04 /* SceneDelegate.swift */,
				BCC5BF48290153970029CE04 /* AppDelegate.swift */,
				BCC5BF51290153980029CE04 /* Assets.xcassets */,
				BCC5BF53290153980029CE04 /* LaunchScreen.storyboard */,
				BCC5BF56290153980029CE04 /* Info.plist */,
			);
			path = App;
			sourceTree = "<group>";
		};
		BCC5BF5D290154680029CE04 /* Model */ = {
			isa = PBXGroup;
			children = (
				BCE14EE929024AD4003237D9 /* CenterData.swift */,
			);
			path = Model;
			sourceTree = "<group>";
		};
		BCC5BF5E2901546C0029CE04 /* View */ = {
			isa = PBXGroup;
			children = (
				BCC5BF4C290153970029CE04 /* CenterViewController.swift */,
				BCC5BF63290157610029CE04 /* CenterListTableViewCell.swift */,
				BCC5BF6729015A9D0029CE04 /* DetailViewController.swift */,
				BCC5BF6929015ABB0029CE04 /* MapViewController.swift */,
			);
			path = View;
			sourceTree = "<group>";
		};
		BCC5BF5F290154710029CE04 /* ViewModel */ = {
			isa = PBXGroup;
			children = (
				BCC5BF652901578A0029CE04 /* CenterViewModel.swift */,
			);
			path = ViewModel;
			sourceTree = "<group>";
		};
		BCC5BF602901562E0029CE04 /* Repository */ = {
			isa = PBXGroup;
			children = (
				BCC5BF61290156420029CE04 /* APIService.swift */,
			);
			path = Repository;
			sourceTree = "<group>";
		};
/* End PBXGroup section */

/* Begin PBXNativeTarget section */
		BCC5BF44290153970029CE04 /* autocrypt */ = {
			isa = PBXNativeTarget;
			buildConfigurationList = BCC5BF59290153980029CE04 /* Build configuration list for PBXNativeTarget "autocrypt" */;
			buildPhases = (
				C52757CB6985FFE0F31DE0F4 /* [CP] Check Pods Manifest.lock */,
				BCC5BF41290153970029CE04 /* Sources */,
				BCC5BF42290153970029CE04 /* Frameworks */,
				BCC5BF43290153970029CE04 /* Resources */,
				F167C6E6A1DE08875A7F4E42 /* [CP] Embed Pods Frameworks */,
			);
			buildRules = (
			);
			dependencies = (
			);
			name = autocrypt;
			productName = autocrypt;
			productReference = BCC5BF45290153970029CE04 /* autocrypt.app */;
			productType = "com.apple.product-type.application";
		};
/* End PBXNativeTarget section */

/* Begin PBXProject section */
		BCC5BF3D290153970029CE04 /* Project object */ = {
			isa = PBXProject;
			attributes = {
				BuildIndependentTargetsInParallel = 1;
				LastSwiftUpdateCheck = 1400;
				LastUpgradeCheck = 1400;
				TargetAttributes = {
					BCC5BF44290153970029CE04 = {
						CreatedOnToolsVersion = 14.0;
					};
				};
			};
			buildConfigurationList = BCC5BF40290153970029CE04 /* Build configuration list for PBXProject "autocrypt" */;
			compatibilityVersion = "Xcode 14.0";
			developmentRegion = en;
			hasScannedForEncodings = 0;
			knownRegions = (
				en,
				Base,
			);
			mainGroup = BCC5BF3C290153970029CE04;
			productRefGroup = BCC5BF46290153970029CE04 /* Products */;
			projectDirPath = "";
			projectRoot = "";
			targets = (
				BCC5BF44290153970029CE04 /* autocrypt */,
			);
		};
/* End PBXProject section */

/* Begin PBXResourcesBuildPhase section */
		BCC5BF43290153970029CE04 /* Resources */ = {
			isa = PBXResourcesBuildPhase;
			buildActionMask = 2147483647;
			files = (
				BCC5BF55290153980029CE04 /* LaunchScreen.storyboard in Resources */,
				BCC5BF52290153980029CE04 /* Assets.xcassets in Resources */,
			);
			runOnlyForDeploymentPostprocessing = 0;
		};
/* End PBXResourcesBuildPhase section */

/* Begin PBXShellScriptBuildPhase section */
		C52757CB6985FFE0F31DE0F4 /* [CP] Check Pods Manifest.lock */ = {
			isa = PBXShellScriptBuildPhase;
			buildActionMask = 2147483647;
			files = (
			);
			inputFileListPaths = (
			);
			inputPaths = (
				"${PODS_PODFILE_DIR_PATH}/Podfile.lock",
				"${PODS_ROOT}/Manifest.lock",
			);
			name = "[CP] Check Pods Manifest.lock";
			outputFileListPaths = (
			);
			outputPaths = (
				"$(DERIVED_FILE_DIR)/Pods-autocrypt-checkManifestLockResult.txt",
			);
			runOnlyForDeploymentPostprocessing = 0;
			shellPath = /bin/sh;
			shellScript = "diff \"${PODS_PODFILE_DIR_PATH}/Podfile.lock\" \"${PODS_ROOT}/Manifest.lock\" > /dev/null\nif [ $? != 0 ] ; then\n    # print error to STDERR\n    echo \"error: The sandbox is not in sync with the Podfile.lock. Run 'pod install' or update your CocoaPods installation.\" >&2\n    exit 1\nfi\n# This output is used by Xcode 'outputs' to avoid re-running this script phase.\necho \"SUCCESS\" > \"${SCRIPT_OUTPUT_FILE_0}\"\n";
			showEnvVarsInLog = 0;
		};
		F167C6E6A1DE08875A7F4E42 /* [CP] Embed Pods Frameworks */ = {
			isa = PBXShellScriptBuildPhase;
			buildActionMask = 2147483647;
			files = (
			);
			inputFileListPaths = (
				"${PODS_ROOT}/Target Support Files/Pods-autocrypt/Pods-autocrypt-frameworks-${CONFIGURATION}-input-files.xcfilelist",
			);
			name = "[CP] Embed Pods Frameworks";
			outputFileListPaths = (
				"${PODS_ROOT}/Target Support Files/Pods-autocrypt/Pods-autocrypt-frameworks-${CONFIGURATION}-output-files.xcfilelist",
			);
			runOnlyForDeploymentPostprocessing = 0;
			shellPath = /bin/sh;
			shellScript = "\"${PODS_ROOT}/Target Support Files/Pods-autocrypt/Pods-autocrypt-frameworks.sh\"\n";
			showEnvVarsInLog = 0;
		};
/* End PBXShellScriptBuildPhase section */

/* Begin PBXSourcesBuildPhase section */
		BCC5BF41290153970029CE04 /* Sources */ = {
			isa = PBXSourcesBuildPhase;
			buildActionMask = 2147483647;
			files = (
				BCC5BF64290157610029CE04 /* CenterListTableViewCell.swift in Sources */,
				BCC5BF4D290153970029CE04 /* CenterViewController.swift in Sources */,
				BCC5BF62290156420029CE04 /* APIService.swift in Sources */,
				BCC5BF662901578A0029CE04 /* CenterViewModel.swift in Sources */,
				BCE14EEA29024AD4003237D9 /* CenterData.swift in Sources */,
				BCC5BF49290153970029CE04 /* AppDelegate.swift in Sources */,
				BCC5BF4B290153970029CE04 /* SceneDelegate.swift in Sources */,
				BCC5BF6829015A9D0029CE04 /* DetailViewController.swift in Sources */,
				BCC5BF6A29015ABB0029CE04 /* MapViewController.swift in Sources */,
			);
			runOnlyForDeploymentPostprocessing = 0;
		};
/* End PBXSourcesBuildPhase section */

/* Begin PBXVariantGroup section */
		BCC5BF53290153980029CE04 /* LaunchScreen.storyboard */ = {
			isa = PBXVariantGroup;
			children = (
				BCC5BF54290153980029CE04 /* Base */,
			);
			name = LaunchScreen.storyboard;
			sourceTree = "<group>";
		};
/* End PBXVariantGroup section */

/* Begin XCBuildConfiguration section */
		BCC5BF57290153980029CE04 /* Debug */ = {
			isa = XCBuildConfiguration;
			buildSettings = {
				ALWAYS_SEARCH_USER_PATHS = NO;
				CLANG_ANALYZER_NONNULL = YES;
				CLANG_ANALYZER_NUMBER_OBJECT_CONVERSION = YES_AGGRESSIVE;
				CLANG_CXX_LANGUAGE_STANDARD = "gnu++20";
				CLANG_ENABLE_MODULES = YES;
				CLANG_ENABLE_OBJC_ARC = YES;
				CLANG_ENABLE_OBJC_WEAK = YES;
				CLANG_WARN_BLOCK_CAPTURE_AUTORELEASING = YES;
				CLANG_WARN_BOOL_CONVERSION = YES;
				CLANG_WARN_COMMA = YES;
				CLANG_WARN_CONSTANT_CONVERSION = YES;
				CLANG_WARN_DEPRECATED_OBJC_IMPLEMENTATIONS = YES;
				CLANG_WARN_DIRECT_OBJC_ISA_USAGE = YES_ERROR;
				CLANG_WARN_DOCUMENTATION_COMMENTS = YES;
				CLANG_WARN_EMPTY_BODY = YES;
				CLANG_WARN_ENUM_CONVERSION = YES;
				CLANG_WARN_INFINITE_RECURSION = YES;
				CLANG_WARN_INT_CONVERSION = YES;
				CLANG_WARN_NON_LITERAL_NULL_CONVERSION = YES;
				CLANG_WARN_OBJC_IMPLICIT_RETAIN_SELF = YES;
				CLANG_WARN_OBJC_LITERAL_CONVERSION = YES;
				CLANG_WARN_OBJC_ROOT_CLASS = YES_ERROR;
				CLANG_WARN_QUOTED_INCLUDE_IN_FRAMEWORK_HEADER = YES;
				CLANG_WARN_RANGE_LOOP_ANALYSIS = YES;
				CLANG_WARN_STRICT_PROTOTYPES = YES;
				CLANG_WARN_SUSPICIOUS_MOVE = YES;
				CLANG_WARN_UNGUARDED_AVAILABILITY = YES_AGGRESSIVE;
				CLANG_WARN_UNREACHABLE_CODE = YES;
				CLANG_WARN__DUPLICATE_METHOD_MATCH = YES;
				COPY_PHASE_STRIP = NO;
				DEBUG_INFORMATION_FORMAT = dwarf;
				ENABLE_STRICT_OBJC_MSGSEND = YES;
				ENABLE_TESTABILITY = YES;
				GCC_C_LANGUAGE_STANDARD = gnu11;
				GCC_DYNAMIC_NO_PIC = NO;
				GCC_NO_COMMON_BLOCKS = YES;
				GCC_OPTIMIZATION_LEVEL = 0;
				GCC_PREPROCESSOR_DEFINITIONS = (
					"DEBUG=1",
					"$(inherited)",
				);
				GCC_WARN_64_TO_32_BIT_CONVERSION = YES;
				GCC_WARN_ABOUT_RETURN_TYPE = YES_ERROR;
				GCC_WARN_UNDECLARED_SELECTOR = YES;
				GCC_WARN_UNINITIALIZED_AUTOS = YES_AGGRESSIVE;
				GCC_WARN_UNUSED_FUNCTION = YES;
				GCC_WARN_UNUSED_VARIABLE = YES;
				IPHONEOS_DEPLOYMENT_TARGET = 15.0;
				MTL_ENABLE_DEBUG_INFO = INCLUDE_SOURCE;
				MTL_FAST_MATH = YES;
				ONLY_ACTIVE_ARCH = YES;
				SDKROOT = iphoneos;
				SWIFT_ACTIVE_COMPILATION_CONDITIONS = DEBUG;
				SWIFT_OPTIMIZATION_LEVEL = "-Onone";
			};
			name = Debug;
		};
		BCC5BF58290153980029CE04 /* Release */ = {
			isa = XCBuildConfiguration;
			buildSettings = {
				ALWAYS_SEARCH_USER_PATHS = NO;
				CLANG_ANALYZER_NONNULL = YES;
				CLANG_ANALYZER_NUMBER_OBJECT_CONVERSION = YES_AGGRESSIVE;
				CLANG_CXX_LANGUAGE_STANDARD = "gnu++20";
				CLANG_ENABLE_MODULES = YES;
				CLANG_ENABLE_OBJC_ARC = YES;
				CLANG_ENABLE_OBJC_WEAK = YES;
				CLANG_WARN_BLOCK_CAPTURE_AUTORELEASING = YES;
				CLANG_WARN_BOOL_CONVERSION = YES;
				CLANG_WARN_COMMA = YES;
				CLANG_WARN_CONSTANT_CONVERSION = YES;
				CLANG_WARN_DEPRECATED_OBJC_IMPLEMENTATIONS = YES;
				CLANG_WARN_DIRECT_OBJC_ISA_USAGE = YES_ERROR;
				CLANG_WARN_DOCUMENTATION_COMMENTS = YES;
				CLANG_WARN_EMPTY_BODY = YES;
				CLANG_WARN_ENUM_CONVERSION = YES;
				CLANG_WARN_INFINITE_RECURSION = YES;
				CLANG_WARN_INT_CONVERSION = YES;
				CLANG_WARN_NON_LITERAL_NULL_CONVERSION = YES;
				CLANG_WARN_OBJC_IMPLICIT_RETAIN_SELF = YES;
				CLANG_WARN_OBJC_LITERAL_CONVERSION = YES;
				CLANG_WARN_OBJC_ROOT_CLASS = YES_ERROR;
				CLANG_WARN_QUOTED_INCLUDE_IN_FRAMEWORK_HEADER = YES;
				CLANG_WARN_RANGE_LOOP_ANALYSIS = YES;
				CLANG_WARN_STRICT_PROTOTYPES = YES;
				CLANG_WARN_SUSPICIOUS_MOVE = YES;
				CLANG_WARN_UNGUARDED_AVAILABILITY = YES_AGGRESSIVE;
				CLANG_WARN_UNREACHABLE_CODE = YES;
				CLANG_WARN__DUPLICATE_METHOD_MATCH = YES;
				COPY_PHASE_STRIP = NO;
				DEBUG_INFORMATION_FORMAT = "dwarf-with-dsym";
				ENABLE_NS_ASSERTIONS = NO;
				ENABLE_STRICT_OBJC_MSGSEND = YES;
				GCC_C_LANGUAGE_STANDARD = gnu11;
				GCC_NO_COMMON_BLOCKS = YES;
				GCC_WARN_64_TO_32_BIT_CONVERSION = YES;
				GCC_WARN_ABOUT_RETURN_TYPE = YES_ERROR;
				GCC_WARN_UNDECLARED_SELECTOR = YES;
				GCC_WARN_UNINITIALIZED_AUTOS = YES_AGGRESSIVE;
				GCC_WARN_UNUSED_FUNCTION = YES;
				GCC_WARN_UNUSED_VARIABLE = YES;
				IPHONEOS_DEPLOYMENT_TARGET = 15.0;
				MTL_ENABLE_DEBUG_INFO = NO;
				MTL_FAST_MATH = YES;
				SDKROOT = iphoneos;
				SWIFT_COMPILATION_MODE = wholemodule;
				SWIFT_OPTIMIZATION_LEVEL = "-O";
				VALIDATE_PRODUCT = YES;
			};
			name = Release;
		};
		BCC5BF5A290153980029CE04 /* Debug */ = {
			isa = XCBuildConfiguration;
			baseConfigurationReference = A05CDCE1EC55D9B06424B000 /* Pods-autocrypt.debug.xcconfig */;
			buildSettings = {
				ASSETCATALOG_COMPILER_APPICON_NAME = AppIcon;
				ASSETCATALOG_COMPILER_GLOBAL_ACCENT_COLOR_NAME = AccentColor;
				CODE_SIGN_STYLE = Automatic;
				CURRENT_PROJECT_VERSION = 1;
				DEVELOPMENT_TEAM = F92UQYH2RA;
				GENERATE_INFOPLIST_FILE = YES;
				INFOPLIST_FILE = /Users/sunghun/Documents/GitHub/autocrypt/autocrypt/App/Info.plist;
				INFOPLIST_KEY_UIApplicationSupportsIndirectInputEvents = YES;
				INFOPLIST_KEY_UILaunchStoryboardName = LaunchScreen;
				INFOPLIST_KEY_UISupportedInterfaceOrientations_iPad = "UIInterfaceOrientationPortrait UIInterfaceOrientationPortraitUpsideDown UIInterfaceOrientationLandscapeLeft UIInterfaceOrientationLandscapeRight";
				INFOPLIST_KEY_UISupportedInterfaceOrientations_iPhone = "UIInterfaceOrientationPortrait UIInterfaceOrientationLandscapeLeft UIInterfaceOrientationLandscapeRight";
				LD_RUNPATH_SEARCH_PATHS = (
					"$(inherited)",
					"@executable_path/Frameworks",
				);
				MARKETING_VERSION = 1.0;
				PRODUCT_BUNDLE_IDENTIFIER = ungchun.autocrypt;
				PRODUCT_NAME = "$(TARGET_NAME)";
				SWIFT_EMIT_LOC_STRINGS = YES;
				SWIFT_VERSION = 5.0;
				TARGETED_DEVICE_FAMILY = "1,2";
			};
			name = Debug;
		};
		BCC5BF5B290153980029CE04 /* Release */ = {
			isa = XCBuildConfiguration;
			baseConfigurationReference = 987AAE186F37C74DF682A6C8 /* Pods-autocrypt.release.xcconfig */;
			buildSettings = {
				ASSETCATALOG_COMPILER_APPICON_NAME = AppIcon;
				ASSETCATALOG_COMPILER_GLOBAL_ACCENT_COLOR_NAME = AccentColor;
				CODE_SIGN_STYLE = Automatic;
				CURRENT_PROJECT_VERSION = 1;
				DEVELOPMENT_TEAM = F92UQYH2RA;
				GENERATE_INFOPLIST_FILE = YES;
				INFOPLIST_FILE = /Users/sunghun/Documents/GitHub/autocrypt/autocrypt/App/Info.plist;
				INFOPLIST_KEY_UIApplicationSupportsIndirectInputEvents = YES;
				INFOPLIST_KEY_UILaunchStoryboardName = LaunchScreen;
				INFOPLIST_KEY_UISupportedInterfaceOrientations_iPad = "UIInterfaceOrientationPortrait UIInterfaceOrientationPortraitUpsideDown UIInterfaceOrientationLandscapeLeft UIInterfaceOrientationLandscapeRight";
				INFOPLIST_KEY_UISupportedInterfaceOrientations_iPhone = "UIInterfaceOrientationPortrait UIInterfaceOrientationLandscapeLeft UIInterfaceOrientationLandscapeRight";
				LD_RUNPATH_SEARCH_PATHS = (
					"$(inherited)",
					"@executable_path/Frameworks",
				);
				MARKETING_VERSION = 1.0;
				PRODUCT_BUNDLE_IDENTIFIER = ungchun.autocrypt;
				PRODUCT_NAME = "$(TARGET_NAME)";
				SWIFT_EMIT_LOC_STRINGS = YES;
				SWIFT_VERSION = 5.0;
				TARGETED_DEVICE_FAMILY = "1,2";
			};
			name = Release;
		};
/* End XCBuildConfiguration section */

/* Begin XCConfigurationList section */
		BCC5BF40290153970029CE04 /* Build configuration list for PBXProject "autocrypt" */ = {
			isa = XCConfigurationList;
			buildConfigurations = (
				BCC5BF57290153980029CE04 /* Debug */,
				BCC5BF58290153980029CE04 /* Release */,
			);
			defaultConfigurationIsVisible = 0;
			defaultConfigurationName = Release;
		};
		BCC5BF59290153980029CE04 /* Build configuration list for PBXNativeTarget "autocrypt" */ = {
			isa = XCConfigurationList;
			buildConfigurations = (
				BCC5BF5A290153980029CE04 /* Debug */,
				BCC5BF5B290153980029CE04 /* Release */,
			);
			defaultConfigurationIsVisible = 0;
			defaultConfigurationName = Release;
		};
/* End XCConfigurationList section */
	};
	rootObject = BCC5BF3D290153970029CE04 /* Project object */;
}
